// !$*UTF8*$!
{
	archiveVersion = 1;
	classes = {
	};
	objectVersion = 55;
	objects = {

/* Begin PBXBuildFile section */
		25928C8E2947A69E0021818E /* ScriptureTyper.swift in Sources */ = {isa = PBXBuildFile; fileRef = 25928C832947A69E0021818E /* ScriptureTyper.swift */; };
		25928C8F2947A69E0021818E /* ScriptureTyperDifficulty.swift in Sources */ = {isa = PBXBuildFile; fileRef = 25928C852947A69E0021818E /* ScriptureTyperDifficulty.swift */; };
		25928C922947A69E0021818E /* ScriptureTyperVerses.swift in Sources */ = {isa = PBXBuildFile; fileRef = 25928C8A2947A69E0021818E /* ScriptureTyperVerses.swift */; };
		25928C932947A69E0021818E /* ScriptureTyperGame.swift in Sources */ = {isa = PBXBuildFile; fileRef = 25928C8B2947A69E0021818E /* ScriptureTyperGame.swift */; };
		25928C942947A69E0021818E /* ScriptureTyperCardView.swift in Sources */ = {isa = PBXBuildFile; fileRef = 25928C8C2947A69E0021818E /* ScriptureTyperCardView.swift */; };
		25928C952947A69E0021818E /* ScriptureTyperRules.swift in Sources */ = {isa = PBXBuildFile; fileRef = 25928C8D2947A69E0021818E /* ScriptureTyperRules.swift */; };
		25928C972947A7110021818E /* ScriptureTyperAppIconView.swift in Sources */ = {isa = PBXBuildFile; fileRef = 25928C962947A7110021818E /* ScriptureTyperAppIconView.swift */; };
		6504DC7028F3101500D8D5B4 /* BibleTests.swift in Sources */ = {isa = PBXBuildFile; fileRef = 6504DC6F28F3101500D8D5B4 /* BibleTests.swift */; };
		6504DC7228F3352600D8D5B4 /* Date+Extensions.swift in Sources */ = {isa = PBXBuildFile; fileRef = 6504DC7128F3352600D8D5B4 /* Date+Extensions.swift */; };
		6504DC7428F33CA400D8D5B4 /* PlayerTests.swift in Sources */ = {isa = PBXBuildFile; fileRef = 6504DC7328F33CA400D8D5B4 /* PlayerTests.swift */; };
		6506B2422901D682003FA77C /* SMGaugeView.swift in Sources */ = {isa = PBXBuildFile; fileRef = 6506B2412901D682003FA77C /* SMGaugeView.swift */; };
		650BD00E28E52441007034EA /* SMButtonView.swift in Sources */ = {isa = PBXBuildFile; fileRef = 650BD00D28E52441007034EA /* SMButtonView.swift */; };
		650BD01028E529F7007034EA /* SMButtonStyle.swift in Sources */ = {isa = PBXBuildFile; fileRef = 650BD00F28E529F7007034EA /* SMButtonStyle.swift */; };
		650BD12E28F0C3D2007034EA /* kjv.json in Resources */ = {isa = PBXBuildFile; fileRef = 650BD12C28F0C3D2007034EA /* kjv.json */; };
		650BD12F28F0C3D2007034EA /* Bible.swift in Sources */ = {isa = PBXBuildFile; fileRef = 650BD12D28F0C3D2007034EA /* Bible.swift */; };
		650BD13128F0C43B007034EA /* books.json in Resources */ = {isa = PBXBuildFile; fileRef = 650BD13028F0C43B007034EA /* books.json */; };
		650BD13328F0F82E007034EA /* Int+Extensions.swift in Sources */ = {isa = PBXBuildFile; fileRef = 650BD13228F0F82E007034EA /* Int+Extensions.swift */; };
		650BD13928F11DF7007034EA /* SwordMinder.swift in Sources */ = {isa = PBXBuildFile; fileRef = 650BD13828F11DF7007034EA /* SwordMinder.swift */; };
		650BD13B28F24BED007034EA /* Player.swift in Sources */ = {isa = PBXBuildFile; fileRef = 650BD13A28F24BED007034EA /* Player.swift */; };
		650BD13D28F3087D007034EA /* Leaderboard.swift in Sources */ = {isa = PBXBuildFile; fileRef = 650BD13C28F3087D007034EA /* Leaderboard.swift */; };
		65423E2628F8B04D007B2C2B /* ArmorTests.swift in Sources */ = {isa = PBXBuildFile; fileRef = 65423E2528F8B04D007B2C2B /* ArmorTests.swift */; };
		654A2C04285CD3B5006A7652 /* Requirements.md in Resources */ = {isa = PBXBuildFile; fileRef = 654A2C02285CD3B5006A7652 /* Requirements.md */; };
		654A2C05285CD3B5006A7652 /* README.md in Resources */ = {isa = PBXBuildFile; fileRef = 654A2C03285CD3B5006A7652 /* README.md */; };
		654F7BBF28E27CD100C5EA39 /* FlashCardView.swift in Sources */ = {isa = PBXBuildFile; fileRef = 654F7BBE28E27CD100C5EA39 /* FlashCardView.swift */; };
		655800DC293EB97B005B1D9F /* WordSearchSettingsView.swift in Sources */ = {isa = PBXBuildFile; fileRef = 655800DB293EB97B005B1D9F /* WordSearchSettingsView.swift */; };
		65A5D54B2901E849001584F2 /* Color+Extensions.swift in Sources */ = {isa = PBXBuildFile; fileRef = 65A5D54A2901E849001584F2 /* Color+Extensions.swift */; };
		65A5D54D2901FA4F001584F2 /* ArmorUpgradeView.swift in Sources */ = {isa = PBXBuildFile; fileRef = 65A5D54C2901FA4F001584F2 /* ArmorUpgradeView.swift */; };
		65A5D54F2902EBFE001584F2 /* GemView.swift in Sources */ = {isa = PBXBuildFile; fileRef = 65A5D54E2902EBFE001584F2 /* GemView.swift */; };
		65A5D55329036983001584F2 /* LeaderboardView.swift in Sources */ = {isa = PBXBuildFile; fileRef = 65A5D55229036983001584F2 /* LeaderboardView.swift */; };
		65A5D55529036E29001584F2 /* LeaderboardTests.swift in Sources */ = {isa = PBXBuildFile; fileRef = 65A5D55429036E29001584F2 /* LeaderboardTests.swift */; };
		65A5D55829037609001584F2 /* SampleAppIconView.swift in Sources */ = {isa = PBXBuildFile; fileRef = 65A5D55729037609001584F2 /* SampleAppIconView.swift */; };
		65A5D55B2903795A001584F2 /* SampleAppView.swift in Sources */ = {isa = PBXBuildFile; fileRef = 65A5D55A2903795A001584F2 /* SampleAppView.swift */; };
		65A5D55D2906D340001584F2 /* FlashCardify.swift in Sources */ = {isa = PBXBuildFile; fileRef = 65A5D55C2906D340001584F2 /* FlashCardify.swift */; };
		65AB5268285CC10F00FF1038 /* SwordMinderApp.swift in Sources */ = {isa = PBXBuildFile; fileRef = 65AB5267285CC10F00FF1038 /* SwordMinderApp.swift */; };
		65AB526C285CC11100FF1038 /* Assets.xcassets in Resources */ = {isa = PBXBuildFile; fileRef = 65AB526B285CC11100FF1038 /* Assets.xcassets */; };
		65AB526F285CC11100FF1038 /* Preview Assets.xcassets in Resources */ = {isa = PBXBuildFile; fileRef = 65AB526E285CC11100FF1038 /* Preview Assets.xcassets */; };
		65AB527E285CC11100FF1038 /* SwordMinderTests.swift in Sources */ = {isa = PBXBuildFile; fileRef = 65AB527D285CC11100FF1038 /* SwordMinderTests.swift */; };
		65AB5288285CC11100FF1038 /* SwordMinderUITests.swift in Sources */ = {isa = PBXBuildFile; fileRef = 65AB5287285CC11100FF1038 /* SwordMinderUITests.swift */; };
		65AB528A285CC11200FF1038 /* SwordMinderUITestsLaunchTests.swift in Sources */ = {isa = PBXBuildFile; fileRef = 65AB5289285CC11200FF1038 /* SwordMinderUITestsLaunchTests.swift */; };
		65C7C7EC2938432900301285 /* VersePickerView.swift in Sources */ = {isa = PBXBuildFile; fileRef = 65C7C7EB2938432900301285 /* VersePickerView.swift */; };
		65C7C7EE2939482600301285 /* PassagePickerView.swift in Sources */ = {isa = PBXBuildFile; fileRef = 65C7C7ED2939482600301285 /* PassagePickerView.swift */; };
		65C7C7F02939934C00301285 /* Collection+Extensions.swift in Sources */ = {isa = PBXBuildFile; fileRef = 65C7C7EF2939934C00301285 /* Collection+Extensions.swift */; };
		65C7C7F2293A317800301285 /* Reference.swift in Sources */ = {isa = PBXBuildFile; fileRef = 65C7C7F1293A317800301285 /* Reference.swift */; };
		65C7C7F4293A31E300301285 /* Book.swift in Sources */ = {isa = PBXBuildFile; fileRef = 65C7C7F3293A31E300301285 /* Book.swift */; };
		65C7C7F6293A320000301285 /* Passage.swift in Sources */ = {isa = PBXBuildFile; fileRef = 65C7C7F5293A320000301285 /* Passage.swift */; };
		65C7C7F8293A321A00301285 /* Verse.swift in Sources */ = {isa = PBXBuildFile; fileRef = 65C7C7F7293A321A00301285 /* Verse.swift */; };
		65C7C7FA293A664300301285 /* PassageTests.swift in Sources */ = {isa = PBXBuildFile; fileRef = 65C7C7F9293A664300301285 /* PassageTests.swift */; };
		65C7C7FC293A6C2000301285 /* BookTests.swift in Sources */ = {isa = PBXBuildFile; fileRef = 65C7C7FB293A6C2000301285 /* BookTests.swift */; };
		65C7C7FE293A933500301285 /* VerseTests.swift in Sources */ = {isa = PBXBuildFile; fileRef = 65C7C7FD293A933500301285 /* VerseTests.swift */; };
		65C7C800293A964C00301285 /* ReferenceTests.swift in Sources */ = {isa = PBXBuildFile; fileRef = 65C7C7FF293A964C00301285 /* ReferenceTests.swift */; };
		65C7C802293ACD2300301285 /* String+Extensions.swift in Sources */ = {isa = PBXBuildFile; fileRef = 65C7C801293ACD2300301285 /* String+Extensions.swift */; };
		65C7C804293ADA8A00301285 /* EditorConfig.swift in Sources */ = {isa = PBXBuildFile; fileRef = 65C7C803293ADA8A00301285 /* EditorConfig.swift */; };
		65C7C80A293BDCA100301285 /* PlacementType.swift in Sources */ = {isa = PBXBuildFile; fileRef = 65C7C809293BDCA100301285 /* PlacementType.swift */; };
		65C7C80C293BDD9600301285 /* Difficulty.swift in Sources */ = {isa = PBXBuildFile; fileRef = 65C7C80B293BDD9600301285 /* Difficulty.swift */; };
		65C7C80E293BDE1800301285 /* Word.swift in Sources */ = {isa = PBXBuildFile; fileRef = 65C7C80D293BDE1800301285 /* Word.swift */; };
		65C7C810293BDE5400301285 /* WordSearch.swift in Sources */ = {isa = PBXBuildFile; fileRef = 65C7C80F293BDE5400301285 /* WordSearch.swift */; };
		65C7C812293BE26500301285 /* WordSearchView.swift in Sources */ = {isa = PBXBuildFile; fileRef = 65C7C811293BE26500301285 /* WordSearchView.swift */; };
		65C7C815293C266700301285 /* WordSearchTests.swift in Sources */ = {isa = PBXBuildFile; fileRef = 65C7C814293C266700301285 /* WordSearchTests.swift */; };
		65C7C817293C281500301285 /* WordSearchAppIconView.swift in Sources */ = {isa = PBXBuildFile; fileRef = 65C7C816293C281500301285 /* WordSearchAppIconView.swift */; };
		65C7C81A293E460800301285 /* Tile.swift in Sources */ = {isa = PBXBuildFile; fileRef = 65C7C819293E460800301285 /* Tile.swift */; };
		65C7C81C293E546500301285 /* Set+Extensions.swift in Sources */ = {isa = PBXBuildFile; fileRef = 65C7C81B293E546500301285 /* Set+Extensions.swift */; };
		65C7C81E293E79EF00301285 /* Sequence+Extensions.swift in Sources */ = {isa = PBXBuildFile; fileRef = 65C7C81D293E79EF00301285 /* Sequence+Extensions.swift */; };
		65C7C820293E7DD500301285 /* Array+Extensions.swift in Sources */ = {isa = PBXBuildFile; fileRef = 65C7C81F293E7DD500301285 /* Array+Extensions.swift */; };
		65C7C822293E830F00301285 /* Array+ExtensionsTests.swift in Sources */ = {isa = PBXBuildFile; fileRef = 65C7C821293E830F00301285 /* Array+ExtensionsTests.swift */; };
		65CB7EBF29240C1F00809F7B /* abbreviations.json in Resources */ = {isa = PBXBuildFile; fileRef = 65CB7EBE29240C1F00809F7B /* abbreviations.json */; };
		65CB7EF2292D5C2500809F7B /* URL+Extensions.swift in Sources */ = {isa = PBXBuildFile; fileRef = 65CB7EF1292D5C2500809F7B /* URL+Extensions.swift */; };
		65EB9D79287B9C6300FAF612 /* SwordMinderView.swift in Sources */ = {isa = PBXBuildFile; fileRef = 65EB9D78287B9C6300FAF612 /* SwordMinderView.swift */; };
		65EB9D7B287B9D1F00FAF612 /* HomeView.swift in Sources */ = {isa = PBXBuildFile; fileRef = 65EB9D7A287B9D1F00FAF612 /* HomeView.swift */; };
		65EB9D7D287B9D2E00FAF612 /* MemorizeView.swift in Sources */ = {isa = PBXBuildFile; fileRef = 65EB9D7C287B9D2E00FAF612 /* MemorizeView.swift */; };
		65EB9D7F287B9D4E00FAF612 /* GameView.swift in Sources */ = {isa = PBXBuildFile; fileRef = 65EB9D7E287B9D4E00FAF612 /* GameView.swift */; };
		65EB9D81287B9E5600FAF612 /* SettingsView.swift in Sources */ = {isa = PBXBuildFile; fileRef = 65EB9D80287B9E5600FAF612 /* SettingsView.swift */; };
/* End PBXBuildFile section */

/* Begin PBXContainerItemProxy section */
		65AB527A285CC11100FF1038 /* PBXContainerItemProxy */ = {
			isa = PBXContainerItemProxy;
			containerPortal = 65AB525C285CC10F00FF1038 /* Project object */;
			proxyType = 1;
			remoteGlobalIDString = 65AB5263285CC10F00FF1038;
			remoteInfo = SwordMinder;
		};
		65AB5284285CC11100FF1038 /* PBXContainerItemProxy */ = {
			isa = PBXContainerItemProxy;
			containerPortal = 65AB525C285CC10F00FF1038 /* Project object */;
			proxyType = 1;
			remoteGlobalIDString = 65AB5263285CC10F00FF1038;
			remoteInfo = SwordMinder;
		};
/* End PBXContainerItemProxy section */

/* Begin PBXFileReference section */
		25928C832947A69E0021818E /* ScriptureTyper.swift */ = {isa = PBXFileReference; fileEncoding = 4; lastKnownFileType = sourcecode.swift; path = ScriptureTyper.swift; sourceTree = "<group>"; };
		25928C852947A69E0021818E /* ScriptureTyperDifficulty.swift */ = {isa = PBXFileReference; fileEncoding = 4; lastKnownFileType = sourcecode.swift; path = ScriptureTyperDifficulty.swift; sourceTree = "<group>"; };
		25928C8A2947A69E0021818E /* ScriptureTyperVerses.swift */ = {isa = PBXFileReference; fileEncoding = 4; lastKnownFileType = sourcecode.swift; path = ScriptureTyperVerses.swift; sourceTree = "<group>"; };
		25928C8B2947A69E0021818E /* ScriptureTyperGame.swift */ = {isa = PBXFileReference; fileEncoding = 4; lastKnownFileType = sourcecode.swift; path = ScriptureTyperGame.swift; sourceTree = "<group>"; };
		25928C8C2947A69E0021818E /* ScriptureTyperCardView.swift */ = {isa = PBXFileReference; fileEncoding = 4; lastKnownFileType = sourcecode.swift; path = ScriptureTyperCardView.swift; sourceTree = "<group>"; };
		25928C8D2947A69E0021818E /* ScriptureTyperRules.swift */ = {isa = PBXFileReference; fileEncoding = 4; lastKnownFileType = sourcecode.swift; path = ScriptureTyperRules.swift; sourceTree = "<group>"; };
		25928C962947A7110021818E /* ScriptureTyperAppIconView.swift */ = {isa = PBXFileReference; fileEncoding = 4; lastKnownFileType = sourcecode.swift; path = ScriptureTyperAppIconView.swift; sourceTree = "<group>"; };
		6504DC6F28F3101500D8D5B4 /* BibleTests.swift */ = {isa = PBXFileReference; lastKnownFileType = sourcecode.swift; path = BibleTests.swift; sourceTree = "<group>"; };
		6504DC7128F3352600D8D5B4 /* Date+Extensions.swift */ = {isa = PBXFileReference; lastKnownFileType = sourcecode.swift; path = "Date+Extensions.swift"; sourceTree = "<group>"; };
		6504DC7328F33CA400D8D5B4 /* PlayerTests.swift */ = {isa = PBXFileReference; lastKnownFileType = sourcecode.swift; path = PlayerTests.swift; sourceTree = "<group>"; };
		6506B2412901D682003FA77C /* SMGaugeView.swift */ = {isa = PBXFileReference; lastKnownFileType = sourcecode.swift; path = SMGaugeView.swift; sourceTree = "<group>"; };
		650BD00D28E52441007034EA /* SMButtonView.swift */ = {isa = PBXFileReference; lastKnownFileType = sourcecode.swift; path = SMButtonView.swift; sourceTree = "<group>"; };
		650BD00F28E529F7007034EA /* SMButtonStyle.swift */ = {isa = PBXFileReference; lastKnownFileType = sourcecode.swift; path = SMButtonStyle.swift; sourceTree = "<group>"; };
		650BD12C28F0C3D2007034EA /* kjv.json */ = {isa = PBXFileReference; fileEncoding = 4; lastKnownFileType = text.json; path = kjv.json; sourceTree = "<group>"; };
		650BD12D28F0C3D2007034EA /* Bible.swift */ = {isa = PBXFileReference; fileEncoding = 4; lastKnownFileType = sourcecode.swift; path = Bible.swift; sourceTree = "<group>"; };
		650BD13028F0C43B007034EA /* books.json */ = {isa = PBXFileReference; fileEncoding = 4; lastKnownFileType = text.json; path = books.json; sourceTree = "<group>"; };
		650BD13228F0F82E007034EA /* Int+Extensions.swift */ = {isa = PBXFileReference; fileEncoding = 4; lastKnownFileType = sourcecode.swift; path = "Int+Extensions.swift"; sourceTree = "<group>"; };
		650BD13828F11DF7007034EA /* SwordMinder.swift */ = {isa = PBXFileReference; lastKnownFileType = sourcecode.swift; path = SwordMinder.swift; sourceTree = "<group>"; };
		650BD13A28F24BED007034EA /* Player.swift */ = {isa = PBXFileReference; lastKnownFileType = sourcecode.swift; path = Player.swift; sourceTree = "<group>"; };
		650BD13C28F3087D007034EA /* Leaderboard.swift */ = {isa = PBXFileReference; lastKnownFileType = sourcecode.swift; path = Leaderboard.swift; sourceTree = "<group>"; };
		65423E2528F8B04D007B2C2B /* ArmorTests.swift */ = {isa = PBXFileReference; lastKnownFileType = sourcecode.swift; path = ArmorTests.swift; sourceTree = "<group>"; };
		654A2C02285CD3B5006A7652 /* Requirements.md */ = {isa = PBXFileReference; fileEncoding = 4; lastKnownFileType = net.daringfireball.markdown; path = Requirements.md; sourceTree = "<group>"; };
		654A2C03285CD3B5006A7652 /* README.md */ = {isa = PBXFileReference; fileEncoding = 4; lastKnownFileType = net.daringfireball.markdown; path = README.md; sourceTree = "<group>"; };
		654F7BBE28E27CD100C5EA39 /* FlashCardView.swift */ = {isa = PBXFileReference; lastKnownFileType = sourcecode.swift; path = FlashCardView.swift; sourceTree = "<group>"; };
		655800DB293EB97B005B1D9F /* WordSearchSettingsView.swift */ = {isa = PBXFileReference; lastKnownFileType = sourcecode.swift; path = WordSearchSettingsView.swift; sourceTree = "<group>"; };
		65A5D54A2901E849001584F2 /* Color+Extensions.swift */ = {isa = PBXFileReference; lastKnownFileType = sourcecode.swift; path = "Color+Extensions.swift"; sourceTree = "<group>"; };
		65A5D54C2901FA4F001584F2 /* ArmorUpgradeView.swift */ = {isa = PBXFileReference; lastKnownFileType = sourcecode.swift; path = ArmorUpgradeView.swift; sourceTree = "<group>"; };
		65A5D54E2902EBFE001584F2 /* GemView.swift */ = {isa = PBXFileReference; lastKnownFileType = sourcecode.swift; path = GemView.swift; sourceTree = "<group>"; };
		65A5D55229036983001584F2 /* LeaderboardView.swift */ = {isa = PBXFileReference; lastKnownFileType = sourcecode.swift; path = LeaderboardView.swift; sourceTree = "<group>"; };
		65A5D55429036E29001584F2 /* LeaderboardTests.swift */ = {isa = PBXFileReference; lastKnownFileType = sourcecode.swift; path = LeaderboardTests.swift; sourceTree = "<group>"; };
		65A5D55729037609001584F2 /* SampleAppIconView.swift */ = {isa = PBXFileReference; lastKnownFileType = sourcecode.swift; path = SampleAppIconView.swift; sourceTree = "<group>"; };
		65A5D55A2903795A001584F2 /* SampleAppView.swift */ = {isa = PBXFileReference; lastKnownFileType = sourcecode.swift; path = SampleAppView.swift; sourceTree = "<group>"; };
		65A5D55C2906D340001584F2 /* FlashCardify.swift */ = {isa = PBXFileReference; lastKnownFileType = sourcecode.swift; path = FlashCardify.swift; sourceTree = "<group>"; };
		65AB5264285CC10F00FF1038 /* SwordMinder.app */ = {isa = PBXFileReference; explicitFileType = wrapper.application; includeInIndex = 0; path = SwordMinder.app; sourceTree = BUILT_PRODUCTS_DIR; };
		65AB5267285CC10F00FF1038 /* SwordMinderApp.swift */ = {isa = PBXFileReference; lastKnownFileType = sourcecode.swift; path = SwordMinderApp.swift; sourceTree = "<group>"; };
		65AB526B285CC11100FF1038 /* Assets.xcassets */ = {isa = PBXFileReference; lastKnownFileType = folder.assetcatalog; path = Assets.xcassets; sourceTree = "<group>"; };
		65AB526E285CC11100FF1038 /* Preview Assets.xcassets */ = {isa = PBXFileReference; lastKnownFileType = folder.assetcatalog; path = "Preview Assets.xcassets"; sourceTree = "<group>"; };
		65AB5279285CC11100FF1038 /* SwordMinderTests.xctest */ = {isa = PBXFileReference; explicitFileType = wrapper.cfbundle; includeInIndex = 0; path = SwordMinderTests.xctest; sourceTree = BUILT_PRODUCTS_DIR; };
		65AB527D285CC11100FF1038 /* SwordMinderTests.swift */ = {isa = PBXFileReference; lastKnownFileType = sourcecode.swift; path = SwordMinderTests.swift; sourceTree = "<group>"; };
		65AB5283285CC11100FF1038 /* SwordMinderUITests.xctest */ = {isa = PBXFileReference; explicitFileType = wrapper.cfbundle; includeInIndex = 0; path = SwordMinderUITests.xctest; sourceTree = BUILT_PRODUCTS_DIR; };
		65AB5287285CC11100FF1038 /* SwordMinderUITests.swift */ = {isa = PBXFileReference; lastKnownFileType = sourcecode.swift; path = SwordMinderUITests.swift; sourceTree = "<group>"; };
		65AB5289285CC11200FF1038 /* SwordMinderUITestsLaunchTests.swift */ = {isa = PBXFileReference; lastKnownFileType = sourcecode.swift; path = SwordMinderUITestsLaunchTests.swift; sourceTree = "<group>"; };
		65C7C7EB2938432900301285 /* VersePickerView.swift */ = {isa = PBXFileReference; lastKnownFileType = sourcecode.swift; path = VersePickerView.swift; sourceTree = "<group>"; };
		65C7C7ED2939482600301285 /* PassagePickerView.swift */ = {isa = PBXFileReference; lastKnownFileType = sourcecode.swift; path = PassagePickerView.swift; sourceTree = "<group>"; };
		65C7C7EF2939934C00301285 /* Collection+Extensions.swift */ = {isa = PBXFileReference; lastKnownFileType = sourcecode.swift; path = "Collection+Extensions.swift"; sourceTree = "<group>"; };
		65C7C7F1293A317800301285 /* Reference.swift */ = {isa = PBXFileReference; lastKnownFileType = sourcecode.swift; path = Reference.swift; sourceTree = "<group>"; };
		65C7C7F3293A31E300301285 /* Book.swift */ = {isa = PBXFileReference; lastKnownFileType = sourcecode.swift; path = Book.swift; sourceTree = "<group>"; };
		65C7C7F5293A320000301285 /* Passage.swift */ = {isa = PBXFileReference; lastKnownFileType = sourcecode.swift; path = Passage.swift; sourceTree = "<group>"; };
		65C7C7F7293A321A00301285 /* Verse.swift */ = {isa = PBXFileReference; lastKnownFileType = sourcecode.swift; path = Verse.swift; sourceTree = "<group>"; };
		65C7C7F9293A664300301285 /* PassageTests.swift */ = {isa = PBXFileReference; lastKnownFileType = sourcecode.swift; path = PassageTests.swift; sourceTree = "<group>"; };
		65C7C7FB293A6C2000301285 /* BookTests.swift */ = {isa = PBXFileReference; lastKnownFileType = sourcecode.swift; path = BookTests.swift; sourceTree = "<group>"; };
		65C7C7FD293A933500301285 /* VerseTests.swift */ = {isa = PBXFileReference; lastKnownFileType = sourcecode.swift; path = VerseTests.swift; sourceTree = "<group>"; };
		65C7C7FF293A964C00301285 /* ReferenceTests.swift */ = {isa = PBXFileReference; lastKnownFileType = sourcecode.swift; path = ReferenceTests.swift; sourceTree = "<group>"; };
		65C7C801293ACD2300301285 /* String+Extensions.swift */ = {isa = PBXFileReference; lastKnownFileType = sourcecode.swift; path = "String+Extensions.swift"; sourceTree = "<group>"; };
		65C7C803293ADA8A00301285 /* EditorConfig.swift */ = {isa = PBXFileReference; lastKnownFileType = sourcecode.swift; path = EditorConfig.swift; sourceTree = "<group>"; };
		65C7C809293BDCA100301285 /* PlacementType.swift */ = {isa = PBXFileReference; lastKnownFileType = sourcecode.swift; path = PlacementType.swift; sourceTree = "<group>"; };
		65C7C80B293BDD9600301285 /* Difficulty.swift */ = {isa = PBXFileReference; lastKnownFileType = sourcecode.swift; path = Difficulty.swift; sourceTree = "<group>"; };
		65C7C80D293BDE1800301285 /* Word.swift */ = {isa = PBXFileReference; lastKnownFileType = sourcecode.swift; path = Word.swift; sourceTree = "<group>"; };
		65C7C80F293BDE5400301285 /* WordSearch.swift */ = {isa = PBXFileReference; lastKnownFileType = sourcecode.swift; path = WordSearch.swift; sourceTree = "<group>"; };
		65C7C811293BE26500301285 /* WordSearchView.swift */ = {isa = PBXFileReference; lastKnownFileType = sourcecode.swift; path = WordSearchView.swift; sourceTree = "<group>"; };
		65C7C814293C266700301285 /* WordSearchTests.swift */ = {isa = PBXFileReference; lastKnownFileType = sourcecode.swift; path = WordSearchTests.swift; sourceTree = "<group>"; };
		65C7C816293C281500301285 /* WordSearchAppIconView.swift */ = {isa = PBXFileReference; lastKnownFileType = sourcecode.swift; path = WordSearchAppIconView.swift; sourceTree = "<group>"; };
		65C7C819293E460800301285 /* Tile.swift */ = {isa = PBXFileReference; lastKnownFileType = sourcecode.swift; path = Tile.swift; sourceTree = "<group>"; };
		65C7C81B293E546500301285 /* Set+Extensions.swift */ = {isa = PBXFileReference; lastKnownFileType = sourcecode.swift; path = "Set+Extensions.swift"; sourceTree = "<group>"; };
		65C7C81D293E79EF00301285 /* Sequence+Extensions.swift */ = {isa = PBXFileReference; lastKnownFileType = sourcecode.swift; path = "Sequence+Extensions.swift"; sourceTree = "<group>"; };
		65C7C81F293E7DD500301285 /* Array+Extensions.swift */ = {isa = PBXFileReference; lastKnownFileType = sourcecode.swift; path = "Array+Extensions.swift"; sourceTree = "<group>"; };
		65C7C821293E830F00301285 /* Array+ExtensionsTests.swift */ = {isa = PBXFileReference; lastKnownFileType = sourcecode.swift; path = "Array+ExtensionsTests.swift"; sourceTree = "<group>"; };
		65CB7EBE29240C1F00809F7B /* abbreviations.json */ = {isa = PBXFileReference; lastKnownFileType = text.json; path = abbreviations.json; sourceTree = "<group>"; };
		65CB7EF1292D5C2500809F7B /* URL+Extensions.swift */ = {isa = PBXFileReference; lastKnownFileType = sourcecode.swift; path = "URL+Extensions.swift"; sourceTree = "<group>"; };
		65EB9D78287B9C6300FAF612 /* SwordMinderView.swift */ = {isa = PBXFileReference; lastKnownFileType = sourcecode.swift; path = SwordMinderView.swift; sourceTree = "<group>"; };
		65EB9D7A287B9D1F00FAF612 /* HomeView.swift */ = {isa = PBXFileReference; lastKnownFileType = sourcecode.swift; path = HomeView.swift; sourceTree = "<group>"; };
		65EB9D7C287B9D2E00FAF612 /* MemorizeView.swift */ = {isa = PBXFileReference; lastKnownFileType = sourcecode.swift; path = MemorizeView.swift; sourceTree = "<group>"; };
		65EB9D7E287B9D4E00FAF612 /* GameView.swift */ = {isa = PBXFileReference; lastKnownFileType = sourcecode.swift; path = GameView.swift; sourceTree = "<group>"; };
		65EB9D80287B9E5600FAF612 /* SettingsView.swift */ = {isa = PBXFileReference; lastKnownFileType = sourcecode.swift; path = SettingsView.swift; sourceTree = "<group>"; };
/* End PBXFileReference section */

/* Begin PBXFrameworksBuildPhase section */
		65AB5261285CC10F00FF1038 /* Frameworks */ = {
			isa = PBXFrameworksBuildPhase;
			buildActionMask = 2147483647;
			files = (
			);
			runOnlyForDeploymentPostprocessing = 0;
		};
		65AB5276285CC11100FF1038 /* Frameworks */ = {
			isa = PBXFrameworksBuildPhase;
			buildActionMask = 2147483647;
			files = (
			);
			runOnlyForDeploymentPostprocessing = 0;
		};
		65AB5280285CC11100FF1038 /* Frameworks */ = {
			isa = PBXFrameworksBuildPhase;
			buildActionMask = 2147483647;
			files = (
			);
			runOnlyForDeploymentPostprocessing = 0;
		};
/* End PBXFrameworksBuildPhase section */

/* Begin PBXGroup section */
		25928C812947A69E0021818E /* ScriptureTyperApp */ = {
			isa = PBXGroup;
			children = (
				25928C822947A69E0021818E /* ViewModels */,
				25928C842947A69E0021818E /* Models */,
				25928C892947A69E0021818E /* Views */,
			);
			path = ScriptureTyperApp;
			sourceTree = "<group>";
		};
		25928C822947A69E0021818E /* ViewModels */ = {
			isa = PBXGroup;
			children = (
				25928C832947A69E0021818E /* ScriptureTyper.swift */,
			);
			path = ViewModels;
			sourceTree = "<group>";
		};
		25928C842947A69E0021818E /* Models */ = {
			isa = PBXGroup;
			children = (
				25928C852947A69E0021818E /* ScriptureTyperDifficulty.swift */,
			);
			path = Models;
			sourceTree = "<group>";
		};
		25928C892947A69E0021818E /* Views */ = {
			isa = PBXGroup;
			children = (
				25928C8A2947A69E0021818E /* ScriptureTyperVerses.swift */,
				25928C8B2947A69E0021818E /* ScriptureTyperGame.swift */,
				25928C8C2947A69E0021818E /* ScriptureTyperCardView.swift */,
				25928C8D2947A69E0021818E /* ScriptureTyperRules.swift */,
			);
			path = Views;
			sourceTree = "<group>";
		};
		654A2C01285CD3B5006A7652 /* Docs */ = {
			isa = PBXGroup;
			children = (
				654A2C02285CD3B5006A7652 /* Requirements.md */,
				654A2C03285CD3B5006A7652 /* README.md */,
			);
			path = Docs;
			sourceTree = "<group>";
		};
		65A5D556290375F2001584F2 /* AppIconViews */ = {
			isa = PBXGroup;
			children = (
				65A5D55729037609001584F2 /* SampleAppIconView.swift */,
				25928C962947A7110021818E /* ScriptureTyperAppIconView.swift */,
				65C7C816293C281500301285 /* WordSearchAppIconView.swift */,
			);
			path = AppIconViews;
			sourceTree = "<group>";
		};
		65A5D55929037925001584F2 /* SampleAppViews */ = {
			isa = PBXGroup;
			children = (
				65A5D55A2903795A001584F2 /* SampleAppView.swift */,
			);
			path = SampleAppViews;
			sourceTree = "<group>";
		};
		65AB525B285CC10F00FF1038 = {
			isa = PBXGroup;
			children = (
				65AB5266285CC10F00FF1038 /* SwordMinder */,
				65AB527C285CC11100FF1038 /* SwordMinderTests */,
				65AB5286285CC11100FF1038 /* SwordMinderUITests */,
				65AB5265285CC10F00FF1038 /* Products */,
			);
			sourceTree = "<group>";
		};
		65AB5265285CC10F00FF1038 /* Products */ = {
			isa = PBXGroup;
			children = (
				65AB5264285CC10F00FF1038 /* SwordMinder.app */,
				65AB5279285CC11100FF1038 /* SwordMinderTests.xctest */,
				65AB5283285CC11100FF1038 /* SwordMinderUITests.xctest */,
			);
			name = Products;
			sourceTree = "<group>";
		};
		65AB5266285CC10F00FF1038 /* SwordMinder */ = {
			isa = PBXGroup;
			children = (
				65AB5267285CC10F00FF1038 /* SwordMinderApp.swift */,
				65AB526B285CC11100FF1038 /* Assets.xcassets */,
				654A2C01285CD3B5006A7652 /* Docs */,
				65C7C818293D40E100301285 /* MiniGames */,
				65EB9D60287B3C9500FAF612 /* Extensions */,
				65EB9D76287B839400FAF612 /* Models */,
				65EB9D77287B83B900FAF612 /* ViewModels */,
				65EB9D75287B837800FAF612 /* Views */,
				65A5D55929037925001584F2 /* SampleAppViews */,
				65AB526D285CC11100FF1038 /* Preview Content */,
			);
			path = SwordMinder;
			sourceTree = "<group>";
		};
		65AB526D285CC11100FF1038 /* Preview Content */ = {
			isa = PBXGroup;
			children = (
				65AB526E285CC11100FF1038 /* Preview Assets.xcassets */,
			);
			path = "Preview Content";
			sourceTree = "<group>";
		};
		65AB527C285CC11100FF1038 /* SwordMinderTests */ = {
			isa = PBXGroup;
			children = (
				65C7C813293C264700301285 /* WordSearchTests */,
				65AB527D285CC11100FF1038 /* SwordMinderTests.swift */,
				6504DC6F28F3101500D8D5B4 /* BibleTests.swift */,
				6504DC7328F33CA400D8D5B4 /* PlayerTests.swift */,
				65423E2528F8B04D007B2C2B /* ArmorTests.swift */,
				65A5D55429036E29001584F2 /* LeaderboardTests.swift */,
				65C7C7F9293A664300301285 /* PassageTests.swift */,
				65C7C7FB293A6C2000301285 /* BookTests.swift */,
				65C7C7FD293A933500301285 /* VerseTests.swift */,
				65C7C7FF293A964C00301285 /* ReferenceTests.swift */,
				65C7C821293E830F00301285 /* Array+ExtensionsTests.swift */,
			);
			path = SwordMinderTests;
			sourceTree = "<group>";
		};
		65AB5286285CC11100FF1038 /* SwordMinderUITests */ = {
			isa = PBXGroup;
			children = (
				65AB5287285CC11100FF1038 /* SwordMinderUITests.swift */,
				65AB5289285CC11200FF1038 /* SwordMinderUITestsLaunchTests.swift */,
			);
			path = SwordMinderUITests;
			sourceTree = "<group>";
		};
		65C7C805293BDC5500301285 /* WordSearchApp */ = {
			isa = PBXGroup;
			children = (
				65C7C808293BDC7F00301285 /* Models */,
				65C7C807293BDC7500301285 /* ViewModels */,
				65C7C806293BDC6C00301285 /* Views */,
			);
			path = WordSearchApp;
			sourceTree = "<group>";
		};
		65C7C806293BDC6C00301285 /* Views */ = {
			isa = PBXGroup;
			children = (
				65C7C811293BE26500301285 /* WordSearchView.swift */,
				655800DB293EB97B005B1D9F /* WordSearchSettingsView.swift */,
			);
			path = Views;
			sourceTree = "<group>";
		};
		65C7C807293BDC7500301285 /* ViewModels */ = {
			isa = PBXGroup;
			children = (
				65C7C80F293BDE5400301285 /* WordSearch.swift */,
			);
			path = ViewModels;
			sourceTree = "<group>";
		};
		65C7C808293BDC7F00301285 /* Models */ = {
			isa = PBXGroup;
			children = (
				65C7C809293BDCA100301285 /* PlacementType.swift */,
				65C7C80B293BDD9600301285 /* Difficulty.swift */,
				65C7C80D293BDE1800301285 /* Word.swift */,
				65C7C819293E460800301285 /* Tile.swift */,
			);
			path = Models;
			sourceTree = "<group>";
		};
		65C7C813293C264700301285 /* WordSearchTests */ = {
			isa = PBXGroup;
			children = (
				65C7C814293C266700301285 /* WordSearchTests.swift */,
			);
			path = WordSearchTests;
			sourceTree = "<group>";
		};
		65C7C818293D40E100301285 /* MiniGames */ = {
			isa = PBXGroup;
			children = (
				25928C812947A69E0021818E /* ScriptureTyperApp */,
				65C7C805293BDC5500301285 /* WordSearchApp */,
			);
			path = MiniGames;
			sourceTree = "<group>";
		};
		65EB9D60287B3C9500FAF612 /* Extensions */ = {
			isa = PBXGroup;
			children = (
				650BD13228F0F82E007034EA /* Int+Extensions.swift */,
				6504DC7128F3352600D8D5B4 /* Date+Extensions.swift */,
				65A5D54A2901E849001584F2 /* Color+Extensions.swift */,
				65CB7EF1292D5C2500809F7B /* URL+Extensions.swift */,
				65C7C7EF2939934C00301285 /* Collection+Extensions.swift */,
				65C7C801293ACD2300301285 /* String+Extensions.swift */,
				65C7C81B293E546500301285 /* Set+Extensions.swift */,
				65C7C81D293E79EF00301285 /* Sequence+Extensions.swift */,
				65C7C81F293E7DD500301285 /* Array+Extensions.swift */,
			);
			path = Extensions;
			sourceTree = "<group>";
		};
		65EB9D75287B837800FAF612 /* Views */ = {
			isa = PBXGroup;
			children = (
				65EB9D78287B9C6300FAF612 /* SwordMinderView.swift */,
				65EB9D7A287B9D1F00FAF612 /* HomeView.swift */,
				65EB9D7C287B9D2E00FAF612 /* MemorizeView.swift */,
				65EB9D7E287B9D4E00FAF612 /* GameView.swift */,
				65A5D55229036983001584F2 /* LeaderboardView.swift */,
				65EB9D80287B9E5600FAF612 /* SettingsView.swift */,
				654F7BBE28E27CD100C5EA39 /* FlashCardView.swift */,
				65A5D54C2901FA4F001584F2 /* ArmorUpgradeView.swift */,
				650BD00D28E52441007034EA /* SMButtonView.swift */,
				650BD00F28E529F7007034EA /* SMButtonStyle.swift */,
				6506B2412901D682003FA77C /* SMGaugeView.swift */,
				65A5D54E2902EBFE001584F2 /* GemView.swift */,
				65C7C7EB2938432900301285 /* VersePickerView.swift */,
				65C7C7ED2939482600301285 /* PassagePickerView.swift */,
				65C7C803293ADA8A00301285 /* EditorConfig.swift */,
				65A5D55C2906D340001584F2 /* FlashCardify.swift */,
				65A5D556290375F2001584F2 /* AppIconViews */,
			);
			path = Views;
			sourceTree = "<group>";
		};
		65EB9D76287B839400FAF612 /* Models */ = {
			isa = PBXGroup;
			children = (
				65CB7EBE29240C1F00809F7B /* abbreviations.json */,
				650BD13028F0C43B007034EA /* books.json */,
				650BD12C28F0C3D2007034EA /* kjv.json */,
				650BD12D28F0C3D2007034EA /* Bible.swift */,
				650BD13A28F24BED007034EA /* Player.swift */,
				650BD13C28F3087D007034EA /* Leaderboard.swift */,
				65C7C7F1293A317800301285 /* Reference.swift */,
				65C7C7F3293A31E300301285 /* Book.swift */,
				65C7C7F5293A320000301285 /* Passage.swift */,
				65C7C7F7293A321A00301285 /* Verse.swift */,
			);
			path = Models;
			sourceTree = "<group>";
		};
		65EB9D77287B83B900FAF612 /* ViewModels */ = {
			isa = PBXGroup;
			children = (
				650BD13828F11DF7007034EA /* SwordMinder.swift */,
			);
			path = ViewModels;
			sourceTree = "<group>";
		};
/* End PBXGroup section */

/* Begin PBXNativeTarget section */
		65AB5263285CC10F00FF1038 /* SwordMinder */ = {
			isa = PBXNativeTarget;
			buildConfigurationList = 65AB528D285CC11200FF1038 /* Build configuration list for PBXNativeTarget "SwordMinder" */;
			buildPhases = (
				65AB5260285CC10F00FF1038 /* Sources */,
				65AB5261285CC10F00FF1038 /* Frameworks */,
				65AB5262285CC10F00FF1038 /* Resources */,
			);
			buildRules = (
			);
			dependencies = (
			);
			name = SwordMinder;
			productName = SwordMinder;
			productReference = 65AB5264285CC10F00FF1038 /* SwordMinder.app */;
			productType = "com.apple.product-type.application";
		};
		65AB5278285CC11100FF1038 /* SwordMinderTests */ = {
			isa = PBXNativeTarget;
			buildConfigurationList = 65AB5290285CC11200FF1038 /* Build configuration list for PBXNativeTarget "SwordMinderTests" */;
			buildPhases = (
				65AB5275285CC11100FF1038 /* Sources */,
				65AB5276285CC11100FF1038 /* Frameworks */,
				65AB5277285CC11100FF1038 /* Resources */,
			);
			buildRules = (
			);
			dependencies = (
				65AB527B285CC11100FF1038 /* PBXTargetDependency */,
			);
			name = SwordMinderTests;
			productName = SwordMinderTests;
			productReference = 65AB5279285CC11100FF1038 /* SwordMinderTests.xctest */;
			productType = "com.apple.product-type.bundle.unit-test";
		};
		65AB5282285CC11100FF1038 /* SwordMinderUITests */ = {
			isa = PBXNativeTarget;
			buildConfigurationList = 65AB5293285CC11200FF1038 /* Build configuration list for PBXNativeTarget "SwordMinderUITests" */;
			buildPhases = (
				65AB527F285CC11100FF1038 /* Sources */,
				65AB5280285CC11100FF1038 /* Frameworks */,
				65AB5281285CC11100FF1038 /* Resources */,
			);
			buildRules = (
			);
			dependencies = (
				65AB5285285CC11100FF1038 /* PBXTargetDependency */,
			);
			name = SwordMinderUITests;
			productName = SwordMinderUITests;
			productReference = 65AB5283285CC11100FF1038 /* SwordMinderUITests.xctest */;
			productType = "com.apple.product-type.bundle.ui-testing";
		};
/* End PBXNativeTarget section */

/* Begin PBXProject section */
		65AB525C285CC10F00FF1038 /* Project object */ = {
			isa = PBXProject;
			attributes = {
				BuildIndependentTargetsInParallel = 1;
				LastSwiftUpdateCheck = 1340;
				LastUpgradeCheck = 1340;
				TargetAttributes = {
					65AB5263285CC10F00FF1038 = {
						CreatedOnToolsVersion = 13.4.1;
					};
					65AB5278285CC11100FF1038 = {
						CreatedOnToolsVersion = 13.4.1;
						TestTargetID = 65AB5263285CC10F00FF1038;
					};
					65AB5282285CC11100FF1038 = {
						CreatedOnToolsVersion = 13.4.1;
						TestTargetID = 65AB5263285CC10F00FF1038;
					};
				};
			};
			buildConfigurationList = 65AB525F285CC10F00FF1038 /* Build configuration list for PBXProject "SwordMinder" */;
			compatibilityVersion = "Xcode 13.0";
			developmentRegion = en;
			hasScannedForEncodings = 0;
			knownRegions = (
				en,
				Base,
			);
			mainGroup = 65AB525B285CC10F00FF1038;
			productRefGroup = 65AB5265285CC10F00FF1038 /* Products */;
			projectDirPath = "";
			projectRoot = "";
			targets = (
				65AB5263285CC10F00FF1038 /* SwordMinder */,
				65AB5278285CC11100FF1038 /* SwordMinderTests */,
				65AB5282285CC11100FF1038 /* SwordMinderUITests */,
			);
		};
/* End PBXProject section */

/* Begin PBXResourcesBuildPhase section */
		65AB5262285CC10F00FF1038 /* Resources */ = {
			isa = PBXResourcesBuildPhase;
			buildActionMask = 2147483647;
			files = (
				65CB7EBF29240C1F00809F7B /* abbreviations.json in Resources */,
				65AB526F285CC11100FF1038 /* Preview Assets.xcassets in Resources */,
				654A2C05285CD3B5006A7652 /* README.md in Resources */,
				654A2C04285CD3B5006A7652 /* Requirements.md in Resources */,
				650BD12E28F0C3D2007034EA /* kjv.json in Resources */,
				650BD13128F0C43B007034EA /* books.json in Resources */,
				65AB526C285CC11100FF1038 /* Assets.xcassets in Resources */,
			);
			runOnlyForDeploymentPostprocessing = 0;
		};
		65AB5277285CC11100FF1038 /* Resources */ = {
			isa = PBXResourcesBuildPhase;
			buildActionMask = 2147483647;
			files = (
			);
			runOnlyForDeploymentPostprocessing = 0;
		};
		65AB5281285CC11100FF1038 /* Resources */ = {
			isa = PBXResourcesBuildPhase;
			buildActionMask = 2147483647;
			files = (
			);
			runOnlyForDeploymentPostprocessing = 0;
		};
/* End PBXResourcesBuildPhase section */

/* Begin PBXSourcesBuildPhase section */
		65AB5260285CC10F00FF1038 /* Sources */ = {
			isa = PBXSourcesBuildPhase;
			buildActionMask = 2147483647;
			files = (
				654F7BBF28E27CD100C5EA39 /* FlashCardView.swift in Sources */,
				25928C942947A69E0021818E /* ScriptureTyperCardView.swift in Sources */,
				25928C8F2947A69E0021818E /* ScriptureTyperDifficulty.swift in Sources */,
				65EB9D81287B9E5600FAF612 /* SettingsView.swift in Sources */,
				65C7C80C293BDD9600301285 /* Difficulty.swift in Sources */,
				65EB9D7B287B9D1F00FAF612 /* HomeView.swift in Sources */,
				650BD13D28F3087D007034EA /* Leaderboard.swift in Sources */,
				65C7C802293ACD2300301285 /* String+Extensions.swift in Sources */,
				65C7C812293BE26500301285 /* WordSearchView.swift in Sources */,
				650BD00E28E52441007034EA /* SMButtonView.swift in Sources */,
				6506B2422901D682003FA77C /* SMGaugeView.swift in Sources */,
				655800DC293EB97B005B1D9F /* WordSearchSettingsView.swift in Sources */,
				25928C952947A69E0021818E /* ScriptureTyperRules.swift in Sources */,
				65A5D55D2906D340001584F2 /* FlashCardify.swift in Sources */,
				25928C932947A69E0021818E /* ScriptureTyperGame.swift in Sources */,
				65A5D54F2902EBFE001584F2 /* GemView.swift in Sources */,
				65C7C7EE2939482600301285 /* PassagePickerView.swift in Sources */,
				65C7C7F2293A317800301285 /* Reference.swift in Sources */,
				65C7C7F6293A320000301285 /* Passage.swift in Sources */,
				65EB9D79287B9C6300FAF612 /* SwordMinderView.swift in Sources */,
				650BD12F28F0C3D2007034EA /* Bible.swift in Sources */,
				650BD13928F11DF7007034EA /* SwordMinder.swift in Sources */,
				65C7C817293C281500301285 /* WordSearchAppIconView.swift in Sources */,
				65A5D55329036983001584F2 /* LeaderboardView.swift in Sources */,
				65C7C804293ADA8A00301285 /* EditorConfig.swift in Sources */,
				65A5D55B2903795A001584F2 /* SampleAppView.swift in Sources */,
				65CB7EF2292D5C2500809F7B /* URL+Extensions.swift in Sources */,
				65C7C80A293BDCA100301285 /* PlacementType.swift in Sources */,
				6504DC7228F3352600D8D5B4 /* Date+Extensions.swift in Sources */,
				650BD13B28F24BED007034EA /* Player.swift in Sources */,
				65C7C810293BDE5400301285 /* WordSearch.swift in Sources */,
				65C7C7F4293A31E300301285 /* Book.swift in Sources */,
				65C7C81A293E460800301285 /* Tile.swift in Sources */,
				25928C922947A69E0021818E /* ScriptureTyperVerses.swift in Sources */,
				65C7C7F02939934C00301285 /* Collection+Extensions.swift in Sources */,
				65C7C81C293E546500301285 /* Set+Extensions.swift in Sources */,
				65C7C81E293E79EF00301285 /* Sequence+Extensions.swift in Sources */,
				65A5D54D2901FA4F001584F2 /* ArmorUpgradeView.swift in Sources */,
				65AB5268285CC10F00FF1038 /* SwordMinderApp.swift in Sources */,
				650BD01028E529F7007034EA /* SMButtonStyle.swift in Sources */,
				65C7C7F8293A321A00301285 /* Verse.swift in Sources */,
				25928C8E2947A69E0021818E /* ScriptureTyper.swift in Sources */,
				65C7C80E293BDE1800301285 /* Word.swift in Sources */,
				65A5D54B2901E849001584F2 /* Color+Extensions.swift in Sources */,
				650BD13328F0F82E007034EA /* Int+Extensions.swift in Sources */,
				65C7C7EC2938432900301285 /* VersePickerView.swift in Sources */,
				65EB9D7F287B9D4E00FAF612 /* GameView.swift in Sources */,
				25928C972947A7110021818E /* ScriptureTyperAppIconView.swift in Sources */,
				65EB9D7D287B9D2E00FAF612 /* MemorizeView.swift in Sources */,
				65C7C820293E7DD500301285 /* Array+Extensions.swift in Sources */,
				65A5D55829037609001584F2 /* SampleAppIconView.swift in Sources */,
			);
			runOnlyForDeploymentPostprocessing = 0;
		};
		65AB5275285CC11100FF1038 /* Sources */ = {
			isa = PBXSourcesBuildPhase;
			buildActionMask = 2147483647;
			files = (
				65A5D55529036E29001584F2 /* LeaderboardTests.swift in Sources */,
				65C7C822293E830F00301285 /* Array+ExtensionsTests.swift in Sources */,
				65C7C7FC293A6C2000301285 /* BookTests.swift in Sources */,
				6504DC7028F3101500D8D5B4 /* BibleTests.swift in Sources */,
				65C7C7FE293A933500301285 /* VerseTests.swift in Sources */,
				65C7C800293A964C00301285 /* ReferenceTests.swift in Sources */,
				6504DC7428F33CA400D8D5B4 /* PlayerTests.swift in Sources */,
				65AB527E285CC11100FF1038 /* SwordMinderTests.swift in Sources */,
				65C7C7FA293A664300301285 /* PassageTests.swift in Sources */,
				65423E2628F8B04D007B2C2B /* ArmorTests.swift in Sources */,
				65C7C815293C266700301285 /* WordSearchTests.swift in Sources */,
			);
			runOnlyForDeploymentPostprocessing = 0;
		};
		65AB527F285CC11100FF1038 /* Sources */ = {
			isa = PBXSourcesBuildPhase;
			buildActionMask = 2147483647;
			files = (
				65AB5288285CC11100FF1038 /* SwordMinderUITests.swift in Sources */,
				65AB528A285CC11200FF1038 /* SwordMinderUITestsLaunchTests.swift in Sources */,
			);
			runOnlyForDeploymentPostprocessing = 0;
		};
/* End PBXSourcesBuildPhase section */

/* Begin PBXTargetDependency section */
		65AB527B285CC11100FF1038 /* PBXTargetDependency */ = {
			isa = PBXTargetDependency;
			target = 65AB5263285CC10F00FF1038 /* SwordMinder */;
			targetProxy = 65AB527A285CC11100FF1038 /* PBXContainerItemProxy */;
		};
		65AB5285285CC11100FF1038 /* PBXTargetDependency */ = {
			isa = PBXTargetDependency;
			target = 65AB5263285CC10F00FF1038 /* SwordMinder */;
			targetProxy = 65AB5284285CC11100FF1038 /* PBXContainerItemProxy */;
		};
/* End PBXTargetDependency section */

/* Begin XCBuildConfiguration section */
		65AB528B285CC11200FF1038 /* Debug */ = {
			isa = XCBuildConfiguration;
			buildSettings = {
				ALWAYS_SEARCH_USER_PATHS = NO;
				CLANG_ANALYZER_NONNULL = YES;
				CLANG_ANALYZER_NUMBER_OBJECT_CONVERSION = YES_AGGRESSIVE;
				CLANG_CXX_LANGUAGE_STANDARD = "gnu++17";
				CLANG_ENABLE_MODULES = YES;
				CLANG_ENABLE_OBJC_ARC = YES;
				CLANG_ENABLE_OBJC_WEAK = YES;
				CLANG_WARN_BLOCK_CAPTURE_AUTORELEASING = YES;
				CLANG_WARN_BOOL_CONVERSION = YES;
				CLANG_WARN_COMMA = YES;
				CLANG_WARN_CONSTANT_CONVERSION = YES;
				CLANG_WARN_DEPRECATED_OBJC_IMPLEMENTATIONS = YES;
				CLANG_WARN_DIRECT_OBJC_ISA_USAGE = YES_ERROR;
				CLANG_WARN_DOCUMENTATION_COMMENTS = YES;
				CLANG_WARN_EMPTY_BODY = YES;
				CLANG_WARN_ENUM_CONVERSION = YES;
				CLANG_WARN_INFINITE_RECURSION = YES;
				CLANG_WARN_INT_CONVERSION = YES;
				CLANG_WARN_NON_LITERAL_NULL_CONVERSION = YES;
				CLANG_WARN_OBJC_IMPLICIT_RETAIN_SELF = YES;
				CLANG_WARN_OBJC_LITERAL_CONVERSION = YES;
				CLANG_WARN_OBJC_ROOT_CLASS = YES_ERROR;
				CLANG_WARN_QUOTED_INCLUDE_IN_FRAMEWORK_HEADER = YES;
				CLANG_WARN_RANGE_LOOP_ANALYSIS = YES;
				CLANG_WARN_STRICT_PROTOTYPES = YES;
				CLANG_WARN_SUSPICIOUS_MOVE = YES;
				CLANG_WARN_UNGUARDED_AVAILABILITY = YES_AGGRESSIVE;
				CLANG_WARN_UNREACHABLE_CODE = YES;
				CLANG_WARN__DUPLICATE_METHOD_MATCH = YES;
				COPY_PHASE_STRIP = NO;
				DEBUG_INFORMATION_FORMAT = dwarf;
				ENABLE_STRICT_OBJC_MSGSEND = YES;
				ENABLE_TESTABILITY = YES;
				GCC_C_LANGUAGE_STANDARD = gnu11;
				GCC_DYNAMIC_NO_PIC = NO;
				GCC_NO_COMMON_BLOCKS = YES;
				GCC_OPTIMIZATION_LEVEL = 0;
				GCC_PREPROCESSOR_DEFINITIONS = (
					"DEBUG=1",
					"$(inherited)",
				);
				GCC_WARN_64_TO_32_BIT_CONVERSION = YES;
				GCC_WARN_ABOUT_RETURN_TYPE = YES_ERROR;
				GCC_WARN_UNDECLARED_SELECTOR = YES;
				GCC_WARN_UNINITIALIZED_AUTOS = YES_AGGRESSIVE;
				GCC_WARN_UNUSED_FUNCTION = YES;
				GCC_WARN_UNUSED_VARIABLE = YES;
				IPHONEOS_DEPLOYMENT_TARGET = 15.5;
				MTL_ENABLE_DEBUG_INFO = INCLUDE_SOURCE;
				MTL_FAST_MATH = YES;
				ONLY_ACTIVE_ARCH = YES;
				SDKROOT = iphoneos;
				SWIFT_ACTIVE_COMPILATION_CONDITIONS = DEBUG;
				SWIFT_OPTIMIZATION_LEVEL = "-Onone";
			};
			name = Debug;
		};
		65AB528C285CC11200FF1038 /* Release */ = {
			isa = XCBuildConfiguration;
			buildSettings = {
				ALWAYS_SEARCH_USER_PATHS = NO;
				CLANG_ANALYZER_NONNULL = YES;
				CLANG_ANALYZER_NUMBER_OBJECT_CONVERSION = YES_AGGRESSIVE;
				CLANG_CXX_LANGUAGE_STANDARD = "gnu++17";
				CLANG_ENABLE_MODULES = YES;
				CLANG_ENABLE_OBJC_ARC = YES;
				CLANG_ENABLE_OBJC_WEAK = YES;
				CLANG_WARN_BLOCK_CAPTURE_AUTORELEASING = YES;
				CLANG_WARN_BOOL_CONVERSION = YES;
				CLANG_WARN_COMMA = YES;
				CLANG_WARN_CONSTANT_CONVERSION = YES;
				CLANG_WARN_DEPRECATED_OBJC_IMPLEMENTATIONS = YES;
				CLANG_WARN_DIRECT_OBJC_ISA_USAGE = YES_ERROR;
				CLANG_WARN_DOCUMENTATION_COMMENTS = YES;
				CLANG_WARN_EMPTY_BODY = YES;
				CLANG_WARN_ENUM_CONVERSION = YES;
				CLANG_WARN_INFINITE_RECURSION = YES;
				CLANG_WARN_INT_CONVERSION = YES;
				CLANG_WARN_NON_LITERAL_NULL_CONVERSION = YES;
				CLANG_WARN_OBJC_IMPLICIT_RETAIN_SELF = YES;
				CLANG_WARN_OBJC_LITERAL_CONVERSION = YES;
				CLANG_WARN_OBJC_ROOT_CLASS = YES_ERROR;
				CLANG_WARN_QUOTED_INCLUDE_IN_FRAMEWORK_HEADER = YES;
				CLANG_WARN_RANGE_LOOP_ANALYSIS = YES;
				CLANG_WARN_STRICT_PROTOTYPES = YES;
				CLANG_WARN_SUSPICIOUS_MOVE = YES;
				CLANG_WARN_UNGUARDED_AVAILABILITY = YES_AGGRESSIVE;
				CLANG_WARN_UNREACHABLE_CODE = YES;
				CLANG_WARN__DUPLICATE_METHOD_MATCH = YES;
				COPY_PHASE_STRIP = NO;
				DEBUG_INFORMATION_FORMAT = "dwarf-with-dsym";
				ENABLE_NS_ASSERTIONS = NO;
				ENABLE_STRICT_OBJC_MSGSEND = YES;
				GCC_C_LANGUAGE_STANDARD = gnu11;
				GCC_NO_COMMON_BLOCKS = YES;
				GCC_WARN_64_TO_32_BIT_CONVERSION = YES;
				GCC_WARN_ABOUT_RETURN_TYPE = YES_ERROR;
				GCC_WARN_UNDECLARED_SELECTOR = YES;
				GCC_WARN_UNINITIALIZED_AUTOS = YES_AGGRESSIVE;
				GCC_WARN_UNUSED_FUNCTION = YES;
				GCC_WARN_UNUSED_VARIABLE = YES;
				IPHONEOS_DEPLOYMENT_TARGET = 15.5;
				MTL_ENABLE_DEBUG_INFO = NO;
				MTL_FAST_MATH = YES;
				SDKROOT = iphoneos;
				SWIFT_COMPILATION_MODE = wholemodule;
				SWIFT_OPTIMIZATION_LEVEL = "-O";
				VALIDATE_PRODUCT = YES;
			};
			name = Release;
		};
		65AB528E285CC11200FF1038 /* Debug */ = {
			isa = XCBuildConfiguration;
			buildSettings = {
				ASSETCATALOG_COMPILER_APPICON_NAME = AppIcon;
				ASSETCATALOG_COMPILER_GLOBAL_ACCENT_COLOR_NAME = AccentColor;
				ASSETCATALOG_COMPILER_INCLUDE_ALL_APPICON_ASSETS = YES;
				CODE_SIGN_STYLE = Automatic;
				CURRENT_PROJECT_VERSION = 1;
				DEVELOPMENT_ASSET_PATHS = "\"SwordMinder/Preview Content\"";
				DEVELOPMENT_TEAM = ZRJ36BS2MW;
				ENABLE_PREVIEWS = YES;
				GENERATE_INFOPLIST_FILE = YES;
				INFOPLIST_KEY_CFBundleDisplayName = "Sword Minder";
				INFOPLIST_KEY_LSApplicationCategoryType = "public.app-category.educational-games";
				INFOPLIST_KEY_UIApplicationSceneManifest_Generation = YES;
				INFOPLIST_KEY_UIApplicationSupportsIndirectInputEvents = YES;
				INFOPLIST_KEY_UILaunchScreen_Generation = YES;
				INFOPLIST_KEY_UISupportedInterfaceOrientations_iPad = "UIInterfaceOrientationPortrait UIInterfaceOrientationPortraitUpsideDown UIInterfaceOrientationLandscapeLeft UIInterfaceOrientationLandscapeRight";
				INFOPLIST_KEY_UISupportedInterfaceOrientations_iPhone = "UIInterfaceOrientationPortrait UIInterfaceOrientationLandscapeLeft UIInterfaceOrientationLandscapeRight";
				IPHONEOS_DEPLOYMENT_TARGET = 16.0;
				LD_RUNPATH_SEARCH_PATHS = (
					"$(inherited)",
					"@executable_path/Frameworks",
				);
				MARKETING_VERSION = 1.0;
				PRODUCT_BUNDLE_IDENTIFIER = org.thedigitalpath.SwordMinder;
				PRODUCT_NAME = "$(TARGET_NAME)";
				SWIFT_EMIT_LOC_STRINGS = YES;
				SWIFT_VERSION = 5.0;
				TARGETED_DEVICE_FAMILY = "1,2";
			};
			name = Debug;
		};
		65AB528F285CC11200FF1038 /* Release */ = {
			isa = XCBuildConfiguration;
			buildSettings = {
				ASSETCATALOG_COMPILER_APPICON_NAME = AppIcon;
				ASSETCATALOG_COMPILER_GLOBAL_ACCENT_COLOR_NAME = AccentColor;
				ASSETCATALOG_COMPILER_INCLUDE_ALL_APPICON_ASSETS = YES;
				CODE_SIGN_STYLE = Automatic;
				CURRENT_PROJECT_VERSION = 1;
				DEVELOPMENT_ASSET_PATHS = "\"SwordMinder/Preview Content\"";
				DEVELOPMENT_TEAM = ZRJ36BS2MW;
				ENABLE_PREVIEWS = YES;
				GENERATE_INFOPLIST_FILE = YES;
				INFOPLIST_KEY_CFBundleDisplayName = "Sword Minder";
				INFOPLIST_KEY_LSApplicationCategoryType = "public.app-category.educational-games";
				INFOPLIST_KEY_UIApplicationSceneManifest_Generation = YES;
				INFOPLIST_KEY_UIApplicationSupportsIndirectInputEvents = YES;
				INFOPLIST_KEY_UILaunchScreen_Generation = YES;
				INFOPLIST_KEY_UISupportedInterfaceOrientations_iPad = "UIInterfaceOrientationPortrait UIInterfaceOrientationPortraitUpsideDown UIInterfaceOrientationLandscapeLeft UIInterfaceOrientationLandscapeRight";
				INFOPLIST_KEY_UISupportedInterfaceOrientations_iPhone = "UIInterfaceOrientationPortrait UIInterfaceOrientationLandscapeLeft UIInterfaceOrientationLandscapeRight";
				IPHONEOS_DEPLOYMENT_TARGET = 16.0;
				LD_RUNPATH_SEARCH_PATHS = (
					"$(inherited)",
					"@executable_path/Frameworks",
				);
				MARKETING_VERSION = 1.0;
				PRODUCT_BUNDLE_IDENTIFIER = org.thedigitalpath.SwordMinder;
				PRODUCT_NAME = "$(TARGET_NAME)";
				SWIFT_EMIT_LOC_STRINGS = YES;
				SWIFT_VERSION = 5.0;
				TARGETED_DEVICE_FAMILY = "1,2";
			};
			name = Release;
		};
		65AB5291285CC11200FF1038 /* Debug */ = {
			isa = XCBuildConfiguration;
			buildSettings = {
				ALWAYS_EMBED_SWIFT_STANDARD_LIBRARIES = YES;
				BUNDLE_LOADER = "$(TEST_HOST)";
				CODE_SIGN_STYLE = Automatic;
				CURRENT_PROJECT_VERSION = 1;
				DEVELOPMENT_TEAM = P2R93EDFRL;
				GENERATE_INFOPLIST_FILE = YES;
				IPHONEOS_DEPLOYMENT_TARGET = 16.0;
				MARKETING_VERSION = 1.0;
				PRODUCT_BUNDLE_IDENTIFIER = com.drjdelano.SwordMinderTests;
				PRODUCT_NAME = "$(TARGET_NAME)";
				SWIFT_EMIT_LOC_STRINGS = NO;
				SWIFT_VERSION = 5.0;
				TARGETED_DEVICE_FAMILY = "1,2";
				TEST_HOST = "$(BUILT_PRODUCTS_DIR)/SwordMinder.app/SwordMinder";
			};
			name = Debug;
		};
		65AB5292285CC11200FF1038 /* Release */ = {
			isa = XCBuildConfiguration;
			buildSettings = {
				ALWAYS_EMBED_SWIFT_STANDARD_LIBRARIES = YES;
				BUNDLE_LOADER = "$(TEST_HOST)";
				CODE_SIGN_STYLE = Automatic;
				CURRENT_PROJECT_VERSION = 1;
				DEVELOPMENT_TEAM = P2R93EDFRL;
				GENERATE_INFOPLIST_FILE = YES;
				IPHONEOS_DEPLOYMENT_TARGET = 16.0;
				MARKETING_VERSION = 1.0;
				PRODUCT_BUNDLE_IDENTIFIER = com.drjdelano.SwordMinderTests;
				PRODUCT_NAME = "$(TARGET_NAME)";
				SWIFT_EMIT_LOC_STRINGS = NO;
				SWIFT_VERSION = 5.0;
				TARGETED_DEVICE_FAMILY = "1,2";
				TEST_HOST = "$(BUILT_PRODUCTS_DIR)/SwordMinder.app/SwordMinder";
			};
			name = Release;
		};
		65AB5294285CC11200FF1038 /* Debug */ = {
			isa = XCBuildConfiguration;
			buildSettings = {
				ALWAYS_EMBED_SWIFT_STANDARD_LIBRARIES = YES;
				CODE_SIGN_STYLE = Automatic;
				CURRENT_PROJECT_VERSION = 1;
				DEVELOPMENT_TEAM = P2R93EDFRL;
				GENERATE_INFOPLIST_FILE = YES;
				IPHONEOS_DEPLOYMENT_TARGET = 16.1;
				MARKETING_VERSION = 1.0;
				PRODUCT_BUNDLE_IDENTIFIER = com.drjdelano.SwordMinderUITests;
				PRODUCT_NAME = "$(TARGET_NAME)";
				SWIFT_EMIT_LOC_STRINGS = NO;
				SWIFT_VERSION = 5.0;
				TARGETED_DEVICE_FAMILY = "1,2";
				TEST_TARGET_NAME = SwordMinder;
			};
			name = Debug;
		};
		65AB5295285CC11200FF1038 /* Release */ = {
			isa = XCBuildConfiguration;
			buildSettings = {
				ALWAYS_EMBED_SWIFT_STANDARD_LIBRARIES = YES;
				CODE_SIGN_STYLE = Automatic;
				CURRENT_PROJECT_VERSION = 1;
				DEVELOPMENT_TEAM = P2R93EDFRL;
				GENERATE_INFOPLIST_FILE = YES;
				IPHONEOS_DEPLOYMENT_TARGET = 16.1;
				MARKETING_VERSION = 1.0;
				PRODUCT_BUNDLE_IDENTIFIER = com.drjdelano.SwordMinderUITests;
				PRODUCT_NAME = "$(TARGET_NAME)";
				SWIFT_EMIT_LOC_STRINGS = NO;
				SWIFT_VERSION = 5.0;
				TARGETED_DEVICE_FAMILY = "1,2";
				TEST_TARGET_NAME = SwordMinder;
			};
			name = Release;
		};
/* End XCBuildConfiguration section */

/* Begin XCConfigurationList section */
		65AB525F285CC10F00FF1038 /* Build configuration list for PBXProject "SwordMinder" */ = {
			isa = XCConfigurationList;
			buildConfigurations = (
				65AB528B285CC11200FF1038 /* Debug */,
				65AB528C285CC11200FF1038 /* Release */,
			);
			defaultConfigurationIsVisible = 0;
			defaultConfigurationName = Release;
		};
		65AB528D285CC11200FF1038 /* Build configuration list for PBXNativeTarget "SwordMinder" */ = {
			isa = XCConfigurationList;
			buildConfigurations = (
				65AB528E285CC11200FF1038 /* Debug */,
				65AB528F285CC11200FF1038 /* Release */,
			);
			defaultConfigurationIsVisible = 0;
			defaultConfigurationName = Release;
		};
		65AB5290285CC11200FF1038 /* Build configuration list for PBXNativeTarget "SwordMinderTests" */ = {
			isa = XCConfigurationList;
			buildConfigurations = (
				65AB5291285CC11200FF1038 /* Debug */,
				65AB5292285CC11200FF1038 /* Release */,
			);
			defaultConfigurationIsVisible = 0;
			defaultConfigurationName = Release;
		};
		65AB5293285CC11200FF1038 /* Build configuration list for PBXNativeTarget "SwordMinderUITests" */ = {
			isa = XCConfigurationList;
			buildConfigurations = (
				65AB5294285CC11200FF1038 /* Debug */,
				65AB5295285CC11200FF1038 /* Release */,
			);
			defaultConfigurationIsVisible = 0;
			defaultConfigurationName = Release;
		};
/* End XCConfigurationList section */
	};
	rootObject = 65AB525C285CC10F00FF1038 /* Project object */;
}
